
Microsoft Visual Studio Solution File, Format Version 12.00
# Visual Studio 15
VisualStudioVersion = 15.0.26228.9
MinimumVisualStudioVersion = 10.0.40219.1
Project("{9A19103F-16F7-4668-BE54-9A1E7A4F7556}") = "sizingservers.beholderv2.agent", "sizingservers.beholderv2.agent\sizingservers.beholderv2.agent.csproj", "{310AD8C1-673D-45A6-8C72-2849C6214769}"
EndProject
Project("{FAE04EC0-301F-11D3-BF4B-00C04F79EFBC}") = "sizingservers.beholderv2.agent.windows", "sizingservers.beholderv2.agent.windows\sizingservers.beholderv2.agent.windows.csproj", "{82460D8D-519C-4D1F-99E7-A938A2987C68}"
EndProject
Project("{9A19103F-16F7-4668-BE54-9A1E7A4F7556}") = "sizingservers.beholderv2.agent.shared", "sizingservers.beholderv2.agent.shared\sizingservers.beholderv2.agent.shared.csproj", "{728C63A4-1612-4132-9D04-39F41B003FE1}"
EndProject
Project("{9A19103F-16F7-4668-BE54-9A1E7A4F7556}") = "sizingservers.beholderv2.agent.linux", "sizingservers.beholderv2.agent.linux\sizingservers.beholderv2.agent.linux.csproj", "{69A46D84-F91D-41FC-8E3D-12BAD03FA35B}"
EndProject
Global
	GlobalSection(SolutionConfigurationPlatforms) = preSolution
		Debug|Any CPU = Debug|Any CPU
		Release|Any CPU = Release|Any CPU
	EndGlobalSection
	GlobalSection(ProjectConfigurationPlatforms) = postSolution
		{310AD8C1-673D-45A6-8C72-2849C6214769}.Debug|Any CPU.ActiveCfg = Debug|Any CPU
		{310AD8C1-673D-45A6-8C72-2849C6214769}.Debug|Any CPU.Build.0 = Debug|Any CPU
		{310AD8C1-673D-45A6-8C72-2849C6214769}.Release|Any CPU.ActiveCfg = Release|Any CPU
		{310AD8C1-673D-45A6-8C72-2849C6214769}.Release|Any CPU.Build.0 = Release|Any CPU
		{82460D8D-519C-4D1F-99E7-A938A2987C68}.Debug|Any CPU.ActiveCfg = Debug|Any CPU
		{82460D8D-519C-4D1F-99E7-A938A2987C68}.Debug|Any CPU.Build.0 = Debug|Any CPU
		{82460D8D-519C-4D1F-99E7-A938A2987C68}.Release|Any CPU.ActiveCfg = Release|Any CPU
		{82460D8D-519C-4D1F-99E7-A938A2987C68}.Release|Any CPU.Build.0 = Release|Any CPU
		{728C63A4-1612-4132-9D04-39F41B003FE1}.Debug|Any CPU.ActiveCfg = Debug|Any CPU
		{728C63A4-1612-4132-9D04-39F41B003FE1}.Debug|Any CPU.Build.0 = Debug|Any CPU
		{728C63A4-1612-4132-9D04-39F41B003FE1}.Release|Any CPU.ActiveCfg = Release|Any CPU
		{728C63A4-1612-4132-9D04-39F41B003FE1}.Release|Any CPU.Build.0 = Release|Any CPU
		{69A46D84-F91D-41FC-8E3D-12BAD03FA35B}.Debug|Any CPU.ActiveCfg = Debug|Any CPU
		{69A46D84-F91D-41FC-8E3D-12BAD03FA35B}.Debug|Any CPU.Build.0 = Debug|Any CPU
		{69A46D84-F91D-41FC-8E3D-12BAD03FA35B}.Release|Any CPU.ActiveCfg = Release|Any CPU
		{69A46D84-F91D-41FC-8E3D-12BAD03FA35B}.Release|Any CPU.Build.0 = Release|Any CPU
	EndGlobalSection
	GlobalSection(SolutionProperties) = preSolution
		HideSolutionNode = FALSE
	EndGlobalSection
EndGlobal
